
Microsoft Visual Studio Solution File, Format Version 12.00
# Visual Studio 15
VisualStudioVersion = 15.0.27428.2005
MinimumVisualStudioVersion = 10.0.40219.1
Project("{FAE04EC0-301F-11D3-BF4B-00C04F79EFBC}") = "eCenterTrainning", "eCenterTrainning\eCenterTrainning.csproj", "{29DB2482-7B39-4370-922A-FFEC7A6BE8C0}"
EndProject
Project("{FAE04EC0-301F-11D3-BF4B-00C04F79EFBC}") = "SECURITYs", "SECURITYs\SECURITYs.csproj", "{C20586A9-EA73-4EDD-B018-E4EB70F93D75}"
EndProject
Project("{FAE04EC0-301F-11D3-BF4B-00C04F79EFBC}") = "IMIC.WEBIMIC", "IMIC.WEBIMIC\IMIC.WEBIMIC.csproj", "{438A1A04-61E8-4A67-A322-EAB26BFB5FBC}"
EndProject
Project("{FAE04EC0-301F-11D3-BF4B-00C04F79EFBC}") = "IMIC.SyncModule", "IMIC.SyncModule\IMIC.SyncModule.csproj", "{E2F51189-7CAD-452D-A95E-5731BC5F4CC4}"
EndProject
Project("{FAE04EC0-301F-11D3-BF4B-00C04F79EFBC}") = "IMIC.OnlineDB", "IMIC.OnlineDB\IMIC.OnlineDB.csproj", "{CE5655E6-9CB4-42A6-B153-7A3C5A34B329}"
EndProject
Project("{FAE04EC0-301F-11D3-BF4B-00C04F79EFBC}") = "IMIC.OfflineDB", "IMIC.OfflineDB\IMIC.OfflineDB.csproj", "{6E9FF6D3-7CC4-4558-8001-518046991795}"
EndProject
Project("{FAE04EC0-301F-11D3-BF4B-00C04F79EFBC}") = "IMIC.DATAACCESSLAYERS", "IMIC.DATAACCESSLAYERS\IMIC.DATAACCESSLAYERS.csproj", "{991B445D-9058-4272-B075-95BEA6F477B4}"
EndProject
Project("{FAE04EC0-301F-11D3-BF4B-00C04F79EFBC}") = "IMIC.BUSINESSLOGICLAYERS", "IMIC.BUSINESSLOGICLAYERS\IMIC.BUSINESSLOGICLAYERS.csproj", "{C4BFEF7F-7082-4702-AF3A-504C5BC4B09B}"
EndProject
Project("{FAE04EC0-301F-11D3-BF4B-00C04F79EFBC}") = "IMIC.VALUEOBJECTS", "IMIC.VALUEOBJECTS\IMIC.VALUEOBJECTS.csproj", "{08B54B07-1EF6-4086-B2D3-E505A2CF5FCF}"
EndProject
Global
	GlobalSection(SolutionConfigurationPlatforms) = preSolution
		Debug|Any CPU = Debug|Any CPU
		Debug|x86 = Debug|x86
		Release|Any CPU = Release|Any CPU
		Release|x86 = Release|x86
	EndGlobalSection
	GlobalSection(ProjectConfigurationPlatforms) = postSolution
		{29DB2482-7B39-4370-922A-FFEC7A6BE8C0}.Debug|Any CPU.ActiveCfg = Debug|Any CPU
		{29DB2482-7B39-4370-922A-FFEC7A6BE8C0}.Debug|Any CPU.Build.0 = Debug|Any CPU
		{29DB2482-7B39-4370-922A-FFEC7A6BE8C0}.Debug|x86.ActiveCfg = Debug|Any CPU
		{29DB2482-7B39-4370-922A-FFEC7A6BE8C0}.Debug|x86.Build.0 = Debug|Any CPU
		{29DB2482-7B39-4370-922A-FFEC7A6BE8C0}.Release|Any CPU.ActiveCfg = Release|Any CPU
		{29DB2482-7B39-4370-922A-FFEC7A6BE8C0}.Release|Any CPU.Build.0 = Release|Any CPU
		{29DB2482-7B39-4370-922A-FFEC7A6BE8C0}.Release|x86.ActiveCfg = Release|Any CPU
		{29DB2482-7B39-4370-922A-FFEC7A6BE8C0}.Release|x86.Build.0 = Release|Any CPU
		{C20586A9-EA73-4EDD-B018-E4EB70F93D75}.Debug|Any CPU.ActiveCfg = Debug|x86
		{C20586A9-EA73-4EDD-B018-E4EB70F93D75}.Debug|x86.ActiveCfg = Debug|x86
		{C20586A9-EA73-4EDD-B018-E4EB70F93D75}.Debug|x86.Build.0 = Debug|x86
		{C20586A9-EA73-4EDD-B018-E4EB70F93D75}.Release|Any CPU.ActiveCfg = Release|x86
		{C20586A9-EA73-4EDD-B018-E4EB70F93D75}.Release|x86.ActiveCfg = Release|x86
		{C20586A9-EA73-4EDD-B018-E4EB70F93D75}.Release|x86.Build.0 = Release|x86
		{438A1A04-61E8-4A67-A322-EAB26BFB5FBC}.Debug|Any CPU.ActiveCfg = Debug|Any CPU
		{438A1A04-61E8-4A67-A322-EAB26BFB5FBC}.Debug|Any CPU.Build.0 = Debug|Any CPU
		{438A1A04-61E8-4A67-A322-EAB26BFB5FBC}.Debug|x86.ActiveCfg = Debug|Any CPU
		{438A1A04-61E8-4A67-A322-EAB26BFB5FBC}.Debug|x86.Build.0 = Debug|Any CPU
		{438A1A04-61E8-4A67-A322-EAB26BFB5FBC}.Release|Any CPU.ActiveCfg = Release|Any CPU
		{438A1A04-61E8-4A67-A322-EAB26BFB5FBC}.Release|Any CPU.Build.0 = Release|Any CPU
		{438A1A04-61E8-4A67-A322-EAB26BFB5FBC}.Release|x86.ActiveCfg = Release|Any CPU
		{438A1A04-61E8-4A67-A322-EAB26BFB5FBC}.Release|x86.Build.0 = Release|Any CPU
		{E2F51189-7CAD-452D-A95E-5731BC5F4CC4}.Debug|Any CPU.ActiveCfg = Debug|Any CPU
		{E2F51189-7CAD-452D-A95E-5731BC5F4CC4}.Debug|Any CPU.Build.0 = Debug|Any CPU
		{E2F51189-7CAD-452D-A95E-5731BC5F4CC4}.Debug|x86.ActiveCfg = Debug|Any CPU
		{E2F51189-7CAD-452D-A95E-5731BC5F4CC4}.Debug|x86.Build.0 = Debug|Any CPU
		{E2F51189-7CAD-452D-A95E-5731BC5F4CC4}.Release|Any CPU.ActiveCfg = Release|Any CPU
		{E2F51189-7CAD-452D-A95E-5731BC5F4CC4}.Release|Any CPU.Build.0 = Release|Any CPU
		{E2F51189-7CAD-452D-A95E-5731BC5F4CC4}.Release|x86.ActiveCfg = Release|Any CPU
		{E2F51189-7CAD-452D-A95E-5731BC5F4CC4}.Release|x86.Build.0 = Release|Any CPU
		{CE5655E6-9CB4-42A6-B153-7A3C5A34B329}.Debug|Any CPU.ActiveCfg = Debug|Any CPU
		{CE5655E6-9CB4-42A6-B153-7A3C5A34B329}.Debug|Any CPU.Build.0 = Debug|Any CPU
		{CE5655E6-9CB4-42A6-B153-7A3C5A34B329}.Debug|x86.ActiveCfg = Debug|Any CPU
		{CE5655E6-9CB4-42A6-B153-7A3C5A34B329}.Debug|x86.Build.0 = Debug|Any CPU
		{CE5655E6-9CB4-42A6-B153-7A3C5A34B329}.Release|Any CPU.ActiveCfg = Release|Any CPU
		{CE5655E6-9CB4-42A6-B153-7A3C5A34B329}.Release|Any CPU.Build.0 = Release|Any CPU
		{CE5655E6-9CB4-42A6-B153-7A3C5A34B329}.Release|x86.ActiveCfg = Release|Any CPU
		{CE5655E6-9CB4-42A6-B153-7A3C5A34B329}.Release|x86.Build.0 = Release|Any CPU
		{6E9FF6D3-7CC4-4558-8001-518046991795}.Debug|Any CPU.ActiveCfg = Debug|Any CPU
		{6E9FF6D3-7CC4-4558-8001-518046991795}.Debug|Any CPU.Build.0 = Debug|Any CPU
		{6E9FF6D3-7CC4-4558-8001-518046991795}.Debug|x86.ActiveCfg = Debug|Any CPU
		{6E9FF6D3-7CC4-4558-8001-518046991795}.Debug|x86.Build.0 = Debug|Any CPU
		{6E9FF6D3-7CC4-4558-8001-518046991795}.Release|Any CPU.ActiveCfg = Release|Any CPU
		{6E9FF6D3-7CC4-4558-8001-518046991795}.Release|Any CPU.Build.0 = Release|Any CPU
		{6E9FF6D3-7CC4-4558-8001-518046991795}.Release|x86.ActiveCfg = Release|Any CPU
		{6E9FF6D3-7CC4-4558-8001-518046991795}.Release|x86.Build.0 = Release|Any CPU
		{991B445D-9058-4272-B075-95BEA6F477B4}.Debug|Any CPU.ActiveCfg = Debug|Any CPU
		{991B445D-9058-4272-B075-95BEA6F477B4}.Debug|Any CPU.Build.0 = Debug|Any CPU
		{991B445D-9058-4272-B075-95BEA6F477B4}.Debug|x86.ActiveCfg = Debug|Any CPU
		{991B445D-9058-4272-B075-95BEA6F477B4}.Debug|x86.Build.0 = Debug|Any CPU
		{991B445D-9058-4272-B075-95BEA6F477B4}.Release|Any CPU.ActiveCfg = Release|Any CPU
		{991B445D-9058-4272-B075-95BEA6F477B4}.Release|Any CPU.Build.0 = Release|Any CPU
		{991B445D-9058-4272-B075-95BEA6F477B4}.Release|x86.ActiveCfg = Release|Any CPU
		{991B445D-9058-4272-B075-95BEA6F477B4}.Release|x86.Build.0 = Release|Any CPU
		{C4BFEF7F-7082-4702-AF3A-504C5BC4B09B}.Debug|Any CPU.ActiveCfg = Debug|Any CPU
		{C4BFEF7F-7082-4702-AF3A-504C5BC4B09B}.Debug|Any CPU.Build.0 = Debug|Any CPU
		{C4BFEF7F-7082-4702-AF3A-504C5BC4B09B}.Debug|x86.ActiveCfg = Debug|Any CPU
		{C4BFEF7F-7082-4702-AF3A-504C5BC4B09B}.Debug|x86.Build.0 = Debug|Any CPU
		{C4BFEF7F-7082-4702-AF3A-504C5BC4B09B}.Release|Any CPU.ActiveCfg = Release|Any CPU
		{C4BFEF7F-7082-4702-AF3A-504C5BC4B09B}.Release|Any CPU.Build.0 = Release|Any CPU
		{C4BFEF7F-7082-4702-AF3A-504C5BC4B09B}.Release|x86.ActiveCfg = Release|Any CPU
		{C4BFEF7F-7082-4702-AF3A-504C5BC4B09B}.Release|x86.Build.0 = Release|Any CPU
		{08B54B07-1EF6-4086-B2D3-E505A2CF5FCF}.Debug|Any CPU.ActiveCfg = Debug|Any CPU
		{08B54B07-1EF6-4086-B2D3-E505A2CF5FCF}.Debug|Any CPU.Build.0 = Debug|Any CPU
		{08B54B07-1EF6-4086-B2D3-E505A2CF5FCF}.Debug|x86.ActiveCfg = Debug|Any CPU
		{08B54B07-1EF6-4086-B2D3-E505A2CF5FCF}.Debug|x86.Build.0 = Debug|Any CPU
		{08B54B07-1EF6-4086-B2D3-E505A2CF5FCF}.Release|Any CPU.ActiveCfg = Release|Any CPU
		{08B54B07-1EF6-4086-B2D3-E505A2CF5FCF}.Release|Any CPU.Build.0 = Release|Any CPU
		{08B54B07-1EF6-4086-B2D3-E505A2CF5FCF}.Release|x86.ActiveCfg = Release|Any CPU
		{08B54B07-1EF6-4086-B2D3-E505A2CF5FCF}.Release|x86.Build.0 = Release|Any CPU
	EndGlobalSection
	GlobalSection(SolutionProperties) = preSolution
		HideSolutionNode = FALSE
	EndGlobalSection
	GlobalSection(ExtensibilityGlobals) = postSolution
		SolutionGuid = {33866ABF-E187-444B-B4C0-BA4D86F73399}
	EndGlobalSection
EndGlobal
